{
  "nodes": {
    "crane": {
      "locked": {
        "lastModified": 1753316655,
        "narHash": "sha256-tzWa2kmTEN69OEMhxFy+J2oWSvZP5QhEgXp3TROOzl0=",
        "owner": "ipetkov",
        "repo": "crane",
        "rev": "f35a3372d070c9e9ccb63ba7ce347f0634ddf3d2",
        "type": "github"
      },
      "original": {
        "owner": "ipetkov",
        "repo": "crane",
        "type": "github"
      }
    },
    "flake-parts": {
      "inputs": {
        "nixpkgs-lib": [
          "nixpkgs"
        ]
      },
      "locked": {
        "lastModified": 1753121425,
        "narHash": "sha256-TVcTNvOeWWk1DXljFxVRp+E0tzG1LhrVjOGGoMHuXio=",
        "owner": "hercules-ci",
        "repo": "flake-parts",
        "rev": "644e0fc48951a860279da645ba77fe4a6e814c5e",
        "type": "github"
      },
      "original": {
        "owner": "hercules-ci",
        "repo": "flake-parts",
        "type": "github"
      }
    },
    "nixpkgs": {
      "locked": {
        "lastModified": 1753320130,
        "narHash": "sha256-KCuv6iYQ0XTVAEJvDLIsk99CJm7fuqIE0/KknyeYPtM=",
        "owner": "nixos",
        "repo": "nixpkgs",
        "rev": "788cc7374af486168b8aab6ca49e316c03508a86",
        "type": "github"
      },
      "original": {
        "owner": "nixos",
        "ref": "release-25.05",
        "repo": "nixpkgs",
        "type": "github"
      }
    },
    "root": {
      "inputs": {
        "crane": "crane",
        "flake-parts": "flake-parts",
        "nixpkgs": "nixpkgs",
        "rust-overlay": "rust-overlay",
        "shelly": "shelly",
        "treefmt-nix": "treefmt-nix"
      }
    },
    "rust-overlay": {
      "inputs": {
        "nixpkgs": [
          "nixpkgs"
        ]
      },
      "locked": {
        "lastModified": 1753238793,
        "narHash": "sha256-jmQeEpgX+++MEgrcikcwoSiI7vDZWLP0gci7XiWb9uQ=",
        "owner": "oxalica",
        "repo": "rust-overlay",
        "rev": "0ad7ab4ca8e83febf147197e65c006dff60623ab",
        "type": "github"
      },
      "original": {
        "owner": "oxalica",
        "repo": "rust-overlay",
        "type": "github"
      }
    },
    "shelly": {
      "locked": {
        "lastModified": 1737089050,
        "narHash": "sha256-SQ22z9L7fSC8FWNIlImpKeBGBUPoWpsTy9uc75o7uK0=",
        "owner": "CertainLach",
        "repo": "shelly",
        "rev": "b5fa6bb56dcd1541ec399ceab1e95a74872ecd34",
        "type": "github"
      },
      "original": {
        "owner": "CertainLach",
        "repo": "shelly",
        "type": "github"
      }
    },
    "treefmt-nix": {
      "inputs": {
        "nixpkgs": [
          "nixpkgs"
        ]
      },
      "locked": {
        "lastModified": 1753006367,
        "narHash": "sha256-tzbhc4XttkyEhswByk5R38l+ztN9UDbnj0cTcP6Hp9A=",
        "owner": "numtide",
        "repo": "treefmt-nix",
        "rev": "421b56313c65a0815a52b424777f55acf0b56ddf",
        "type": "github"
      },
      "original": {
        "owner": "numtide",
        "repo": "treefmt-nix",
        "type": "github"
      }
    }
  },
  "root": "root",
  "version": 7
}
